
Microsoft Visual Studio Solution File, Format Version 12.00
# Visual Studio Version 16
VisualStudioVersion = 16.0.30611.23
MinimumVisualStudioVersion = 10.0.40219.1
Project("{FAE04EC0-301F-11D3-BF4B-00C04F79EFBC}") = "Ada", "Ada\Ada.csproj", "{AFB512AE-2252-4073-B666-BFE9FC6FC457}"
EndProject
Global
	GlobalSection(SolutionConfigurationPlatforms) = preSolution
		Debug|Any CPU = Debug|Any CPU
		Release|Any CPU = Release|Any CPU
	EndGlobalSection
	GlobalSection(ProjectConfigurationPlatforms) = postSolution
		{AFB512AE-2252-4073-B666-BFE9FC6FC457}.Debug|Any CPU.ActiveCfg = Debug|Any CPU
		{AFB512AE-2252-4073-B666-BFE9FC6FC457}.Debug|Any CPU.Build.0 = Debug|Any CPU
		{AFB512AE-2252-4073-B666-BFE9FC6FC457}.Release|Any CPU.ActiveCfg = Release|Any CPU
		{AFB512AE-2252-4073-B666-BFE9FC6FC457}.Release|Any CPU.Build.0 = Release|Any CPU
	EndGlobalSection
	GlobalSection(SolutionProperties) = preSolution
		HideSolutionNode = FALSE
	EndGlobalSection
	GlobalSection(ExtensibilityGlobals) = postSolution
		SolutionGuid = {A9EAC390-7FDF-483F-B6A7-7D823BA1BBF3}
	EndGlobalSection
EndGlobal
